
Microsoft Visual Studio Solution File, Format Version 12.00
# Visual Studio Version 16
VisualStudioVersion = 16.0.29613.14
MinimumVisualStudioVersion = 10.0.40219.1
Project("{D954291E-2A0B-460D-934E-DC6B0785DB48}") = "UnoPharmacist.Shared", "UnoPharmacist\UnoPharmacist.Shared\UnoPharmacist.Shared.shproj", "{6279C845-92F8-4333-AB99-3D213163593C}"
EndProject
Project("{FAE04EC0-301F-11D3-BF4B-00C04F79EFBC}") = "UnoPharmacist.Droid", "UnoPharmacist\UnoPharmacist.Droid\UnoPharmacist.Droid.csproj", "{DB0F5A43-B13C-4D93-ACB7-19B90FF3FCE2}"
EndProject
Project("{FAE04EC0-301F-11D3-BF4B-00C04F79EFBC}") = "UnoPharmacist.iOS", "UnoPharmacist\UnoPharmacist.iOS\UnoPharmacist.iOS.csproj", "{4D1F131E-CB46-4612-81B4-A53F0D3E4FDD}"
EndProject
Project("{FAE04EC0-301F-11D3-BF4B-00C04F79EFBC}") = "UnoPharmacist.UWP", "UnoPharmacist\UnoPharmacist.UWP\UnoPharmacist.UWP.csproj", "{B9028752-AB86-4531-8B7C-389CF0E86E49}"
EndProject
Project("{FAE04EC0-301F-11D3-BF4B-00C04F79EFBC}") = "UnoPharmacist.Wasm", "UnoPharmacist\UnoPharmacist.Wasm\UnoPharmacist.Wasm.csproj", "{25257851-15AC-4956-9CF2-9617795A7938}"
EndProject
Global
	GlobalSection(SharedMSBuildProjectFiles) = preSolution
		UnoPharmacist\UnoPharmacist.Shared\UnoPharmacist.Shared.projitems*{4d1f131e-cb46-4612-81b4-a53f0d3e4fdd}*SharedItemsImports = 4
		UnoPharmacist\UnoPharmacist.Shared\UnoPharmacist.Shared.projitems*{6279c845-92f8-4333-ab99-3d213163593c}*SharedItemsImports = 13
		UnoPharmacist\UnoPharmacist.Shared\UnoPharmacist.Shared.projitems*{b9028752-ab86-4531-8b7c-389cf0e86e49}*SharedItemsImports = 4
		UnoPharmacist\UnoPharmacist.Shared\UnoPharmacist.Shared.projitems*{db0f5a43-b13c-4d93-acb7-19b90ff3fce2}*SharedItemsImports = 4
	EndGlobalSection
	GlobalSection(SolutionConfigurationPlatforms) = preSolution
		Ad-Hoc|Any CPU = Ad-Hoc|Any CPU
		Ad-Hoc|ARM = Ad-Hoc|ARM
		Ad-Hoc|iPhone = Ad-Hoc|iPhone
		Ad-Hoc|iPhoneSimulator = Ad-Hoc|iPhoneSimulator
		Ad-Hoc|x64 = Ad-Hoc|x64
		Ad-Hoc|x86 = Ad-Hoc|x86
		AppStore|Any CPU = AppStore|Any CPU
		AppStore|ARM = AppStore|ARM
		AppStore|iPhone = AppStore|iPhone
		AppStore|iPhoneSimulator = AppStore|iPhoneSimulator
		AppStore|x64 = AppStore|x64
		AppStore|x86 = AppStore|x86
		Debug|Any CPU = Debug|Any CPU
		Debug|ARM = Debug|ARM
		Debug|iPhone = Debug|iPhone
		Debug|iPhoneSimulator = Debug|iPhoneSimulator
		Debug|x64 = Debug|x64
		Debug|x86 = Debug|x86
		Release|Any CPU = Release|Any CPU
		Release|ARM = Release|ARM
		Release|iPhone = Release|iPhone
		Release|iPhoneSimulator = Release|iPhoneSimulator
		Release|x64 = Release|x64
		Release|x86 = Release|x86
	EndGlobalSection
	GlobalSection(ProjectConfigurationPlatforms) = postSolution
		{DB0F5A43-B13C-4D93-ACB7-19B90FF3FCE2}.Ad-Hoc|Any CPU.ActiveCfg = Release|Any CPU
		{DB0F5A43-B13C-4D93-ACB7-19B90FF3FCE2}.Ad-Hoc|Any CPU.Build.0 = Release|Any CPU
		{DB0F5A43-B13C-4D93-ACB7-19B90FF3FCE2}.Ad-Hoc|Any CPU.Deploy.0 = Release|Any CPU
		{DB0F5A43-B13C-4D93-ACB7-19B90FF3FCE2}.Ad-Hoc|ARM.ActiveCfg = Release|Any CPU
		{DB0F5A43-B13C-4D93-ACB7-19B90FF3FCE2}.Ad-Hoc|ARM.Build.0 = Release|Any CPU
		{DB0F5A43-B13C-4D93-ACB7-19B90FF3FCE2}.Ad-Hoc|ARM.Deploy.0 = Release|Any CPU
		{DB0F5A43-B13C-4D93-ACB7-19B90FF3FCE2}.Ad-Hoc|iPhone.ActiveCfg = Release|Any CPU
		{DB0F5A43-B13C-4D93-ACB7-19B90FF3FCE2}.Ad-Hoc|iPhone.Build.0 = Release|Any CPU
		{DB0F5A43-B13C-4D93-ACB7-19B90FF3FCE2}.Ad-Hoc|iPhone.Deploy.0 = Release|Any CPU
		{DB0F5A43-B13C-4D93-ACB7-19B90FF3FCE2}.Ad-Hoc|iPhoneSimulator.ActiveCfg = Release|Any CPU
		{DB0F5A43-B13C-4D93-ACB7-19B90FF3FCE2}.Ad-Hoc|iPhoneSimulator.Build.0 = Release|Any CPU
		{DB0F5A43-B13C-4D93-ACB7-19B90FF3FCE2}.Ad-Hoc|iPhoneSimulator.Deploy.0 = Release|Any CPU
		{DB0F5A43-B13C-4D93-ACB7-19B90FF3FCE2}.Ad-Hoc|x64.ActiveCfg = Release|Any CPU
		{DB0F5A43-B13C-4D93-ACB7-19B90FF3FCE2}.Ad-Hoc|x64.Build.0 = Release|Any CPU
		{DB0F5A43-B13C-4D93-ACB7-19B90FF3FCE2}.Ad-Hoc|x64.Deploy.0 = Release|Any CPU
		{DB0F5A43-B13C-4D93-ACB7-19B90FF3FCE2}.Ad-Hoc|x86.ActiveCfg = Release|Any CPU
		{DB0F5A43-B13C-4D93-ACB7-19B90FF3FCE2}.Ad-Hoc|x86.Build.0 = Release|Any CPU
		{DB0F5A43-B13C-4D93-ACB7-19B90FF3FCE2}.Ad-Hoc|x86.Deploy.0 = Release|Any CPU
		{DB0F5A43-B13C-4D93-ACB7-19B90FF3FCE2}.AppStore|Any CPU.ActiveCfg = Release|Any CPU
		{DB0F5A43-B13C-4D93-ACB7-19B90FF3FCE2}.AppStore|Any CPU.Build.0 = Release|Any CPU
		{DB0F5A43-B13C-4D93-ACB7-19B90FF3FCE2}.AppStore|Any CPU.Deploy.0 = Release|Any CPU
		{DB0F5A43-B13C-4D93-ACB7-19B90FF3FCE2}.AppStore|ARM.ActiveCfg = Release|Any CPU
		{DB0F5A43-B13C-4D93-ACB7-19B90FF3FCE2}.AppStore|ARM.Build.0 = Release|Any CPU
		{DB0F5A43-B13C-4D93-ACB7-19B90FF3FCE2}.AppStore|ARM.Deploy.0 = Release|Any CPU
		{DB0F5A43-B13C-4D93-ACB7-19B90FF3FCE2}.AppStore|iPhone.ActiveCfg = Release|Any CPU
		{DB0F5A43-B13C-4D93-ACB7-19B90FF3FCE2}.AppStore|iPhone.Build.0 = Release|Any CPU
		{DB0F5A43-B13C-4D93-ACB7-19B90FF3FCE2}.AppStore|iPhone.Deploy.0 = Release|Any CPU
		{DB0F5A43-B13C-4D93-ACB7-19B90FF3FCE2}.AppStore|iPhoneSimulator.ActiveCfg = Release|Any CPU
		{DB0F5A43-B13C-4D93-ACB7-19B90FF3FCE2}.AppStore|iPhoneSimulator.Build.0 = Release|Any CPU
		{DB0F5A43-B13C-4D93-ACB7-19B90FF3FCE2}.AppStore|iPhoneSimulator.Deploy.0 = Release|Any CPU
		{DB0F5A43-B13C-4D93-ACB7-19B90FF3FCE2}.AppStore|x64.ActiveCfg = Release|Any CPU
		{DB0F5A43-B13C-4D93-ACB7-19B90FF3FCE2}.AppStore|x64.Build.0 = Release|Any CPU
		{DB0F5A43-B13C-4D93-ACB7-19B90FF3FCE2}.AppStore|x64.Deploy.0 = Release|Any CPU
		{DB0F5A43-B13C-4D93-ACB7-19B90FF3FCE2}.AppStore|x86.ActiveCfg = Release|Any CPU
		{DB0F5A43-B13C-4D93-ACB7-19B90FF3FCE2}.AppStore|x86.Build.0 = Release|Any CPU
		{DB0F5A43-B13C-4D93-ACB7-19B90FF3FCE2}.AppStore|x86.Deploy.0 = Release|Any CPU
		{DB0F5A43-B13C-4D93-ACB7-19B90FF3FCE2}.Debug|Any CPU.ActiveCfg = Debug|Any CPU
		{DB0F5A43-B13C-4D93-ACB7-19B90FF3FCE2}.Debug|Any CPU.Build.0 = Debug|Any CPU
		{DB0F5A43-B13C-4D93-ACB7-19B90FF3FCE2}.Debug|Any CPU.Deploy.0 = Debug|Any CPU
		{DB0F5A43-B13C-4D93-ACB7-19B90FF3FCE2}.Debug|ARM.ActiveCfg = Debug|Any CPU
		{DB0F5A43-B13C-4D93-ACB7-19B90FF3FCE2}.Debug|ARM.Build.0 = Debug|Any CPU
		{DB0F5A43-B13C-4D93-ACB7-19B90FF3FCE2}.Debug|ARM.Deploy.0 = Debug|Any CPU
		{DB0F5A43-B13C-4D93-ACB7-19B90FF3FCE2}.Debug|iPhone.ActiveCfg = Debug|Any CPU
		{DB0F5A43-B13C-4D93-ACB7-19B90FF3FCE2}.Debug|iPhone.Build.0 = Debug|Any CPU
		{DB0F5A43-B13C-4D93-ACB7-19B90FF3FCE2}.Debug|iPhone.Deploy.0 = Debug|Any CPU
		{DB0F5A43-B13C-4D93-ACB7-19B90FF3FCE2}.Debug|iPhoneSimulator.ActiveCfg = Debug|Any CPU
		{DB0F5A43-B13C-4D93-ACB7-19B90FF3FCE2}.Debug|iPhoneSimulator.Build.0 = Debug|Any CPU
		{DB0F5A43-B13C-4D93-ACB7-19B90FF3FCE2}.Debug|iPhoneSimulator.Deploy.0 = Debug|Any CPU
		{DB0F5A43-B13C-4D93-ACB7-19B90FF3FCE2}.Debug|x64.ActiveCfg = Debug|Any CPU
		{DB0F5A43-B13C-4D93-ACB7-19B90FF3FCE2}.Debug|x64.Build.0 = Debug|Any CPU
		{DB0F5A43-B13C-4D93-ACB7-19B90FF3FCE2}.Debug|x64.Deploy.0 = Debug|Any CPU
		{DB0F5A43-B13C-4D93-ACB7-19B90FF3FCE2}.Debug|x86.ActiveCfg = Debug|Any CPU
		{DB0F5A43-B13C-4D93-ACB7-19B90FF3FCE2}.Debug|x86.Build.0 = Debug|Any CPU
		{DB0F5A43-B13C-4D93-ACB7-19B90FF3FCE2}.Debug|x86.Deploy.0 = Debug|Any CPU
		{DB0F5A43-B13C-4D93-ACB7-19B90FF3FCE2}.Release|Any CPU.ActiveCfg = Release|Any CPU
		{DB0F5A43-B13C-4D93-ACB7-19B90FF3FCE2}.Release|Any CPU.Build.0 = Release|Any CPU
		{DB0F5A43-B13C-4D93-ACB7-19B90FF3FCE2}.Release|Any CPU.Deploy.0 = Release|Any CPU
		{DB0F5A43-B13C-4D93-ACB7-19B90FF3FCE2}.Release|ARM.ActiveCfg = Release|Any CPU
		{DB0F5A43-B13C-4D93-ACB7-19B90FF3FCE2}.Release|ARM.Build.0 = Release|Any CPU
		{DB0F5A43-B13C-4D93-ACB7-19B90FF3FCE2}.Release|ARM.Deploy.0 = Release|Any CPU
		{DB0F5A43-B13C-4D93-ACB7-19B90FF3FCE2}.Release|iPhone.ActiveCfg = Release|Any CPU
		{DB0F5A43-B13C-4D93-ACB7-19B90FF3FCE2}.Release|iPhone.Build.0 = Release|Any CPU
		{DB0F5A43-B13C-4D93-ACB7-19B90FF3FCE2}.Release|iPhone.Deploy.0 = Release|Any CPU
		{DB0F5A43-B13C-4D93-ACB7-19B90FF3FCE2}.Release|iPhoneSimulator.ActiveCfg = Release|Any CPU
		{DB0F5A43-B13C-4D93-ACB7-19B90FF3FCE2}.Release|iPhoneSimulator.Build.0 = Release|Any CPU
		{DB0F5A43-B13C-4D93-ACB7-19B90FF3FCE2}.Release|iPhoneSimulator.Deploy.0 = Release|Any CPU
		{DB0F5A43-B13C-4D93-ACB7-19B90FF3FCE2}.Release|x64.ActiveCfg = Release|Any CPU
		{DB0F5A43-B13C-4D93-ACB7-19B90FF3FCE2}.Release|x64.Build.0 = Release|Any CPU
		{DB0F5A43-B13C-4D93-ACB7-19B90FF3FCE2}.Release|x64.Deploy.0 = Release|Any CPU
		{DB0F5A43-B13C-4D93-ACB7-19B90FF3FCE2}.Release|x86.ActiveCfg = Release|Any CPU
		{DB0F5A43-B13C-4D93-ACB7-19B90FF3FCE2}.Release|x86.Build.0 = Release|Any CPU
		{DB0F5A43-B13C-4D93-ACB7-19B90FF3FCE2}.Release|x86.Deploy.0 = Release|Any CPU
		{4D1F131E-CB46-4612-81B4-A53F0D3E4FDD}.Ad-Hoc|Any CPU.ActiveCfg = Ad-Hoc|iPhone
		{4D1F131E-CB46-4612-81B4-A53F0D3E4FDD}.Ad-Hoc|ARM.ActiveCfg = Ad-Hoc|iPhone
		{4D1F131E-CB46-4612-81B4-A53F0D3E4FDD}.Ad-Hoc|iPhone.ActiveCfg = Ad-Hoc|iPhone
		{4D1F131E-CB46-4612-81B4-A53F0D3E4FDD}.Ad-Hoc|iPhone.Build.0 = Ad-Hoc|iPhone
		{4D1F131E-CB46-4612-81B4-A53F0D3E4FDD}.Ad-Hoc|iPhoneSimulator.ActiveCfg = Ad-Hoc|iPhoneSimulator
		{4D1F131E-CB46-4612-81B4-A53F0D3E4FDD}.Ad-Hoc|iPhoneSimulator.Build.0 = Ad-Hoc|iPhoneSimulator
		{4D1F131E-CB46-4612-81B4-A53F0D3E4FDD}.Ad-Hoc|x64.ActiveCfg = Ad-Hoc|iPhone
		{4D1F131E-CB46-4612-81B4-A53F0D3E4FDD}.Ad-Hoc|x86.ActiveCfg = Ad-Hoc|iPhone
		{4D1F131E-CB46-4612-81B4-A53F0D3E4FDD}.AppStore|Any CPU.ActiveCfg = AppStore|iPhone
		{4D1F131E-CB46-4612-81B4-A53F0D3E4FDD}.AppStore|ARM.ActiveCfg = AppStore|iPhone
		{4D1F131E-CB46-4612-81B4-A53F0D3E4FDD}.AppStore|iPhone.ActiveCfg = AppStore|iPhone
		{4D1F131E-CB46-4612-81B4-A53F0D3E4FDD}.AppStore|iPhone.Build.0 = AppStore|iPhone
		{4D1F131E-CB46-4612-81B4-A53F0D3E4FDD}.AppStore|iPhoneSimulator.ActiveCfg = AppStore|iPhoneSimulator
		{4D1F131E-CB46-4612-81B4-A53F0D3E4FDD}.AppStore|iPhoneSimulator.Build.0 = AppStore|iPhoneSimulator
		{4D1F131E-CB46-4612-81B4-A53F0D3E4FDD}.AppStore|x64.ActiveCfg = AppStore|iPhone
		{4D1F131E-CB46-4612-81B4-A53F0D3E4FDD}.AppStore|x86.ActiveCfg = AppStore|iPhone
		{4D1F131E-CB46-4612-81B4-A53F0D3E4FDD}.Debug|Any CPU.ActiveCfg = Debug|iPhone
		{4D1F131E-CB46-4612-81B4-A53F0D3E4FDD}.Debug|ARM.ActiveCfg = Debug|iPhone
		{4D1F131E-CB46-4612-81B4-A53F0D3E4FDD}.Debug|iPhone.ActiveCfg = Debug|iPhone
		{4D1F131E-CB46-4612-81B4-A53F0D3E4FDD}.Debug|iPhone.Build.0 = Debug|iPhone
		{4D1F131E-CB46-4612-81B4-A53F0D3E4FDD}.Debug|iPhoneSimulator.ActiveCfg = Debug|iPhoneSimulator
		{4D1F131E-CB46-4612-81B4-A53F0D3E4FDD}.Debug|iPhoneSimulator.Build.0 = Debug|iPhoneSimulator
		{4D1F131E-CB46-4612-81B4-A53F0D3E4FDD}.Debug|x64.ActiveCfg = Debug|iPhone
		{4D1F131E-CB46-4612-81B4-A53F0D3E4FDD}.Debug|x86.ActiveCfg = Debug|iPhone
		{4D1F131E-CB46-4612-81B4-A53F0D3E4FDD}.Release|Any CPU.ActiveCfg = Release|iPhone
		{4D1F131E-CB46-4612-81B4-A53F0D3E4FDD}.Release|ARM.ActiveCfg = Release|iPhone
		{4D1F131E-CB46-4612-81B4-A53F0D3E4FDD}.Release|iPhone.ActiveCfg = Release|iPhone
		{4D1F131E-CB46-4612-81B4-A53F0D3E4FDD}.Release|iPhone.Build.0 = Release|iPhone
		{4D1F131E-CB46-4612-81B4-A53F0D3E4FDD}.Release|iPhoneSimulator.ActiveCfg = Release|iPhoneSimulator
		{4D1F131E-CB46-4612-81B4-A53F0D3E4FDD}.Release|iPhoneSimulator.Build.0 = Release|iPhoneSimulator
		{4D1F131E-CB46-4612-81B4-A53F0D3E4FDD}.Release|x64.ActiveCfg = Release|iPhone
		{4D1F131E-CB46-4612-81B4-A53F0D3E4FDD}.Release|x86.ActiveCfg = Release|iPhone
		{B9028752-AB86-4531-8B7C-389CF0E86E49}.Ad-Hoc|Any CPU.ActiveCfg = Release|x64
		{B9028752-AB86-4531-8B7C-389CF0E86E49}.Ad-Hoc|Any CPU.Build.0 = Release|x64
		{B9028752-AB86-4531-8B7C-389CF0E86E49}.Ad-Hoc|Any CPU.Deploy.0 = Release|x64
		{B9028752-AB86-4531-8B7C-389CF0E86E49}.Ad-Hoc|ARM.ActiveCfg = Release|ARM
		{B9028752-AB86-4531-8B7C-389CF0E86E49}.Ad-Hoc|ARM.Build.0 = Release|ARM
		{B9028752-AB86-4531-8B7C-389CF0E86E49}.Ad-Hoc|ARM.Deploy.0 = Release|ARM
		{B9028752-AB86-4531-8B7C-389CF0E86E49}.Ad-Hoc|iPhone.ActiveCfg = Release|x64
		{B9028752-AB86-4531-8B7C-389CF0E86E49}.Ad-Hoc|iPhone.Build.0 = Release|x64
		{B9028752-AB86-4531-8B7C-389CF0E86E49}.Ad-Hoc|iPhone.Deploy.0 = Release|x64
		{B9028752-AB86-4531-8B7C-389CF0E86E49}.Ad-Hoc|iPhoneSimulator.ActiveCfg = Release|x64
		{B9028752-AB86-4531-8B7C-389CF0E86E49}.Ad-Hoc|iPhoneSimulator.Build.0 = Release|x64
		{B9028752-AB86-4531-8B7C-389CF0E86E49}.Ad-Hoc|iPhoneSimulator.Deploy.0 = Release|x64
		{B9028752-AB86-4531-8B7C-389CF0E86E49}.Ad-Hoc|x64.ActiveCfg = Release|x64
		{B9028752-AB86-4531-8B7C-389CF0E86E49}.Ad-Hoc|x64.Build.0 = Release|x64
		{B9028752-AB86-4531-8B7C-389CF0E86E49}.Ad-Hoc|x64.Deploy.0 = Release|x64
		{B9028752-AB86-4531-8B7C-389CF0E86E49}.Ad-Hoc|x86.ActiveCfg = Release|x86
		{B9028752-AB86-4531-8B7C-389CF0E86E49}.Ad-Hoc|x86.Build.0 = Release|x86
		{B9028752-AB86-4531-8B7C-389CF0E86E49}.Ad-Hoc|x86.Deploy.0 = Release|x86
		{B9028752-AB86-4531-8B7C-389CF0E86E49}.AppStore|Any CPU.ActiveCfg = Release|x64
		{B9028752-AB86-4531-8B7C-389CF0E86E49}.AppStore|Any CPU.Build.0 = Release|x64
		{B9028752-AB86-4531-8B7C-389CF0E86E49}.AppStore|Any CPU.Deploy.0 = Release|x64
		{B9028752-AB86-4531-8B7C-389CF0E86E49}.AppStore|ARM.ActiveCfg = Release|ARM
		{B9028752-AB86-4531-8B7C-389CF0E86E49}.AppStore|ARM.Build.0 = Release|ARM
		{B9028752-AB86-4531-8B7C-389CF0E86E49}.AppStore|ARM.Deploy.0 = Release|ARM
		{B9028752-AB86-4531-8B7C-389CF0E86E49}.AppStore|iPhone.ActiveCfg = Release|x64
		{B9028752-AB86-4531-8B7C-389CF0E86E49}.AppStore|iPhone.Build.0 = Release|x64
		{B9028752-AB86-4531-8B7C-389CF0E86E49}.AppStore|iPhone.Deploy.0 = Release|x64
		{B9028752-AB86-4531-8B7C-389CF0E86E49}.AppStore|iPhoneSimulator.ActiveCfg = Release|x64
		{B9028752-AB86-4531-8B7C-389CF0E86E49}.AppStore|iPhoneSimulator.Build.0 = Release|x64
		{B9028752-AB86-4531-8B7C-389CF0E86E49}.AppStore|iPhoneSimulator.Deploy.0 = Release|x64
		{B9028752-AB86-4531-8B7C-389CF0E86E49}.AppStore|x64.ActiveCfg = Release|x64
		{B9028752-AB86-4531-8B7C-389CF0E86E49}.AppStore|x64.Build.0 = Release|x64
		{B9028752-AB86-4531-8B7C-389CF0E86E49}.AppStore|x64.Deploy.0 = Release|x64
		{B9028752-AB86-4531-8B7C-389CF0E86E49}.AppStore|x86.ActiveCfg = Release|x86
		{B9028752-AB86-4531-8B7C-389CF0E86E49}.AppStore|x86.Build.0 = Release|x86
		{B9028752-AB86-4531-8B7C-389CF0E86E49}.AppStore|x86.Deploy.0 = Release|x86
		{B9028752-AB86-4531-8B7C-389CF0E86E49}.Debug|Any CPU.ActiveCfg = Debug|x86
		{B9028752-AB86-4531-8B7C-389CF0E86E49}.Debug|ARM.ActiveCfg = Debug|ARM
		{B9028752-AB86-4531-8B7C-389CF0E86E49}.Debug|ARM.Build.0 = Debug|ARM
		{B9028752-AB86-4531-8B7C-389CF0E86E49}.Debug|ARM.Deploy.0 = Debug|ARM
		{B9028752-AB86-4531-8B7C-389CF0E86E49}.Debug|iPhone.ActiveCfg = Debug|x86
		{B9028752-AB86-4531-8B7C-389CF0E86E49}.Debug|iPhoneSimulator.ActiveCfg = Debug|x86
		{B9028752-AB86-4531-8B7C-389CF0E86E49}.Debug|x64.ActiveCfg = Debug|x64
		{B9028752-AB86-4531-8B7C-389CF0E86E49}.Debug|x64.Build.0 = Debug|x64
		{B9028752-AB86-4531-8B7C-389CF0E86E49}.Debug|x64.Deploy.0 = Debug|x64
		{B9028752-AB86-4531-8B7C-389CF0E86E49}.Debug|x86.ActiveCfg = Debug|x86
		{B9028752-AB86-4531-8B7C-389CF0E86E49}.Debug|x86.Build.0 = Debug|x86
		{B9028752-AB86-4531-8B7C-389CF0E86E49}.Debug|x86.Deploy.0 = Debug|x86
		{B9028752-AB86-4531-8B7C-389CF0E86E49}.Release|Any CPU.ActiveCfg = Release|x86
		{B9028752-AB86-4531-8B7C-389CF0E86E49}.Release|ARM.ActiveCfg = Release|ARM
		{B9028752-AB86-4531-8B7C-389CF0E86E49}.Release|ARM.Build.0 = Release|ARM
		{B9028752-AB86-4531-8B7C-389CF0E86E49}.Release|ARM.Deploy.0 = Release|ARM
		{B9028752-AB86-4531-8B7C-389CF0E86E49}.Release|iPhone.ActiveCfg = Release|x86
		{B9028752-AB86-4531-8B7C-389CF0E86E49}.Release|iPhoneSimulator.ActiveCfg = Release|x86
		{B9028752-AB86-4531-8B7C-389CF0E86E49}.Release|x64.ActiveCfg = Release|x64
		{B9028752-AB86-4531-8B7C-389CF0E86E49}.Release|x64.Build.0 = Release|x64
		{B9028752-AB86-4531-8B7C-389CF0E86E49}.Release|x64.Deploy.0 = Release|x64
		{B9028752-AB86-4531-8B7C-389CF0E86E49}.Release|x86.ActiveCfg = Release|x86
		{B9028752-AB86-4531-8B7C-389CF0E86E49}.Release|x86.Build.0 = Release|x86
		{B9028752-AB86-4531-8B7C-389CF0E86E49}.Release|x86.Deploy.0 = Release|x86
		{25257851-15AC-4956-9CF2-9617795A7938}.Ad-Hoc|Any CPU.ActiveCfg = Debug|Any CPU
		{25257851-15AC-4956-9CF2-9617795A7938}.Ad-Hoc|Any CPU.Build.0 = Debug|Any CPU
		{25257851-15AC-4956-9CF2-9617795A7938}.Ad-Hoc|ARM.ActiveCfg = Debug|Any CPU
		{25257851-15AC-4956-9CF2-9617795A7938}.Ad-Hoc|ARM.Build.0 = Debug|Any CPU
		{25257851-15AC-4956-9CF2-9617795A7938}.Ad-Hoc|iPhone.ActiveCfg = Debug|Any CPU
		{25257851-15AC-4956-9CF2-9617795A7938}.Ad-Hoc|iPhone.Build.0 = Debug|Any CPU
		{25257851-15AC-4956-9CF2-9617795A7938}.Ad-Hoc|iPhoneSimulator.ActiveCfg = Debug|Any CPU
		{25257851-15AC-4956-9CF2-9617795A7938}.Ad-Hoc|iPhoneSimulator.Build.0 = Debug|Any CPU
		{25257851-15AC-4956-9CF2-9617795A7938}.Ad-Hoc|x64.ActiveCfg = Debug|Any CPU
		{25257851-15AC-4956-9CF2-9617795A7938}.Ad-Hoc|x64.Build.0 = Debug|Any CPU
		{25257851-15AC-4956-9CF2-9617795A7938}.Ad-Hoc|x86.ActiveCfg = Debug|Any CPU
		{25257851-15AC-4956-9CF2-9617795A7938}.Ad-Hoc|x86.Build.0 = Debug|Any CPU
		{25257851-15AC-4956-9CF2-9617795A7938}.AppStore|Any CPU.ActiveCfg = Debug|Any CPU
		{25257851-15AC-4956-9CF2-9617795A7938}.AppStore|Any CPU.Build.0 = Debug|Any CPU
		{25257851-15AC-4956-9CF2-9617795A7938}.AppStore|ARM.ActiveCfg = Debug|Any CPU
		{25257851-15AC-4956-9CF2-9617795A7938}.AppStore|ARM.Build.0 = Debug|Any CPU
		{25257851-15AC-4956-9CF2-9617795A7938}.AppStore|iPhone.ActiveCfg = Debug|Any CPU
		{25257851-15AC-4956-9CF2-9617795A7938}.AppStore|iPhone.Build.0 = Debug|Any CPU
		{25257851-15AC-4956-9CF2-9617795A7938}.AppStore|iPhoneSimulator.ActiveCfg = Debug|Any CPU
		{25257851-15AC-4956-9CF2-9617795A7938}.AppStore|iPhoneSimulator.Build.0 = Debug|Any CPU
		{25257851-15AC-4956-9CF2-9617795A7938}.AppStore|x64.ActiveCfg = Debug|Any CPU
		{25257851-15AC-4956-9CF2-9617795A7938}.AppStore|x64.Build.0 = Debug|Any CPU
		{25257851-15AC-4956-9CF2-9617795A7938}.AppStore|x86.ActiveCfg = Debug|Any CPU
		{25257851-15AC-4956-9CF2-9617795A7938}.AppStore|x86.Build.0 = Debug|Any CPU
		{25257851-15AC-4956-9CF2-9617795A7938}.Debug|Any CPU.ActiveCfg = Debug|Any CPU
		{25257851-15AC-4956-9CF2-9617795A7938}.Debug|Any CPU.Build.0 = Debug|Any CPU
		{25257851-15AC-4956-9CF2-9617795A7938}.Debug|ARM.ActiveCfg = Debug|Any CPU
		{25257851-15AC-4956-9CF2-9617795A7938}.Debug|ARM.Build.0 = Debug|Any CPU
		{25257851-15AC-4956-9CF2-9617795A7938}.Debug|iPhone.ActiveCfg = Debug|Any CPU
		{25257851-15AC-4956-9CF2-9617795A7938}.Debug|iPhone.Build.0 = Debug|Any CPU
		{25257851-15AC-4956-9CF2-9617795A7938}.Debug|iPhoneSimulator.ActiveCfg = Debug|Any CPU
		{25257851-15AC-4956-9CF2-9617795A7938}.Debug|iPhoneSimulator.Build.0 = Debug|Any CPU
		{25257851-15AC-4956-9CF2-9617795A7938}.Debug|x64.ActiveCfg = Debug|Any CPU
		{25257851-15AC-4956-9CF2-9617795A7938}.Debug|x64.Build.0 = Debug|Any CPU
		{25257851-15AC-4956-9CF2-9617795A7938}.Debug|x86.ActiveCfg = Debug|Any CPU
		{25257851-15AC-4956-9CF2-9617795A7938}.Debug|x86.Build.0 = Debug|Any CPU
		{25257851-15AC-4956-9CF2-9617795A7938}.Release|Any CPU.ActiveCfg = Release|Any CPU
		{25257851-15AC-4956-9CF2-9617795A7938}.Release|Any CPU.Build.0 = Release|Any CPU
		{25257851-15AC-4956-9CF2-9617795A7938}.Release|ARM.ActiveCfg = Release|Any CPU
		{25257851-15AC-4956-9CF2-9617795A7938}.Release|ARM.Build.0 = Release|Any CPU
		{25257851-15AC-4956-9CF2-9617795A7938}.Release|iPhone.ActiveCfg = Release|Any CPU
		{25257851-15AC-4956-9CF2-9617795A7938}.Release|iPhone.Build.0 = Release|Any CPU
		{25257851-15AC-4956-9CF2-9617795A7938}.Release|iPhoneSimulator.ActiveCfg = Release|Any CPU
		{25257851-15AC-4956-9CF2-9617795A7938}.Release|iPhoneSimulator.Build.0 = Release|Any CPU
		{25257851-15AC-4956-9CF2-9617795A7938}.Release|x64.ActiveCfg = Release|Any CPU
		{25257851-15AC-4956-9CF2-9617795A7938}.Release|x64.Build.0 = Release|Any CPU
		{25257851-15AC-4956-9CF2-9617795A7938}.Release|x86.ActiveCfg = Release|Any CPU
		{25257851-15AC-4956-9CF2-9617795A7938}.Release|x86.Build.0 = Release|Any CPU
	EndGlobalSection
	GlobalSection(SolutionProperties) = preSolution
		HideSolutionNode = FALSE
	EndGlobalSection
	GlobalSection(ExtensibilityGlobals) = postSolution
		SolutionGuid = {12F7A3DE-94DF-4CAA-B0D6-1E020370241F}
	EndGlobalSection
EndGlobal
